
Microsoft Visual Studio Solution File, Format Version 12.00
# Visual Studio Version 17
VisualStudioVersion = 17.7.34031.279
MinimumVisualStudioVersion = 10.0.40219.1
Project("{9A19103F-16F7-4668-BE54-9A1E7A4F7556}") = "MyShop", "MyShop\MyShop.csproj", "{253A2445-AFDE-4BA5-A87E-31152429FDA5}"
EndProject
Global
	GlobalSection(SolutionConfigurationPlatforms) = preSolution
		Debug|Any CPU = Debug|Any CPU
		Release|Any CPU = Release|Any CPU
	EndGlobalSection
	GlobalSection(ProjectConfigurationPlatforms) = postSolution
		{253A2445-AFDE-4BA5-A87E-31152429FDA5}.Debug|Any CPU.ActiveCfg = Debug|Any CPU
		{253A2445-AFDE-4BA5-A87E-31152429FDA5}.Debug|Any CPU.Build.0 = Debug|Any CPU
		{253A2445-AFDE-4BA5-A87E-31152429FDA5}.Release|Any CPU.ActiveCfg = Release|Any CPU
		{253A2445-AFDE-4BA5-A87E-31152429FDA5}.Release|Any CPU.Build.0 = Release|Any CPU
	EndGlobalSection
	GlobalSection(SolutionProperties) = preSolution
		HideSolutionNode = FALSE
	EndGlobalSection
	GlobalSection(ExtensibilityGlobals) = postSolution
		SolutionGuid = {AC3DF4C4-9BA9-4835-9AA7-47999F4300FE}
	EndGlobalSection
EndGlobal
